{
  "lockfile_version": 1,
  "os": "Ubuntu 20.04.3 LTS",
  "r_version": "R version 4.1.3 (2022-03-10)",
  "platform": "x86_64-pc-linux-gnu",
  "packages": [
    {
      "ref": "deps::.",
      "package": "mlgw.outage-deps",
      "version": "0.0.0.9000",
      "type": "deps",
      "direct": true,
      "binary": false,
      "dependencies": ["readr", "dplyr", "rvest", "stringr", "httr", "curl"],
      "vignettes": false,
      "metadata": {
        "RemotePkgRef": "deps::.",
        "RemoteType": "deps"
      },
      "sources": [],
      "target": "src/contrib/mlgw.outage-deps_0.0.0.9000.tar.gz",
      "platform": "source",
      "rversion": "*",
      "directpkg": true,
      "license": "use_mit_license()",
      "dep_types": ["Depends", "Imports", "LinkingTo", "Suggests", "Enhances"],
      "params": [],
      "install_args": ""
    },
    {
      "ref": "askpass",
      "package": "askpass",
      "version": "1.1",
      "type": "standard",
      "direct": false,
      "binary": false,
      "dependencies": ["sys"],
      "vignettes": false,
      "needscompilation": true,
      "metadata": {
        "RemoteType": "standard",
        "RemotePkgRef": "askpass",
        "RemoteRef": "askpass",
        "RemoteRepos": "https://cloud.r-project.org",
        "RemotePkgPlatform": "source",
        "RemoteSha": "1.1"
      },
      "sources": ["https://cloud.r-project.org/src/contrib/askpass_1.1.tar.gz", "https://cloud.r-project.org/src/contrib/Archive/askpass_1.1.tar.gz"],
      "target": "src/contrib/askpass_1.1.tar.gz",
      "platform": "source",
      "rversion": "*",
      "directpkg": false,
      "license": "MIT + file LICENSE",
      "sha256": "db40827d1bdbb90c0aa2846a2961d3bf9d76ad1b392302f9dd84cc2fd18c001f",
      "filesize": 5730,
      "dep_types": ["Depends", "Imports", "LinkingTo"],
      "params": [],
      "install_args": "",
      "repotype": "cran"
    },
    {
      "ref": "bit",
      "package": "bit",
      "version": "4.0.4",
      "type": "standard",
      "direct": false,
      "binary": false,
      "dependencies": [],
      "vignettes": false,
      "needscompilation": true,
      "metadata": {
        "RemoteType": "standard",
        "RemotePkgRef": "bit",
        "RemoteRef": "bit",
        "RemoteRepos": "https://cloud.r-project.org",
        "RemotePkgPlatform": "source",
        "RemoteSha": "4.0.4"
      },
      "sources": ["https://cloud.r-project.org/src/contrib/bit_4.0.4.tar.gz", "https://cloud.r-project.org/src/contrib/Archive/bit_4.0.4.tar.gz"],
      "target": "src/contrib/bit_4.0.4.tar.gz",
      "platform": "source",
      "rversion": "*",
      "directpkg": false,
      "license": "GPL-2 | GPL-3",
      "sha256": "e404841fbe4ebefe4ecd4392effe673a8c9fa05f97952c4ce6e2f6159bd2f168",
      "filesize": 279723,
      "dep_types": ["Depends", "Imports", "LinkingTo"],
      "params": [],
      "install_args": "",
      "repotype": "cran"
    },
    {
      "ref": "bit64",
      "package": "bit64",
      "version": "4.0.5",
      "type": "standard",
      "direct": false,
      "binary": false,
      "dependencies": ["bit"],
      "vignettes": false,
      "needscompilation": true,
      "metadata": {
        "RemoteType": "standard",
        "RemotePkgRef": "bit64",
        "RemoteRef": "bit64",
        "RemoteRepos": "https://cloud.r-project.org",
        "RemotePkgPlatform": "source",
        "RemoteSha": "4.0.5"
      },
      "sources": ["https://cloud.r-project.org/src/contrib/bit64_4.0.5.tar.gz", "https://cloud.r-project.org/src/contrib/Archive/bit64_4.0.5.tar.gz"],
      "target": "src/contrib/bit64_4.0.5.tar.gz",
      "platform": "source",
      "rversion": "*",
      "directpkg": false,
      "license": "GPL-2 | GPL-3",
      "sha256": "25df6826ea5e93241c4874cad4fa8dadc87a40f4ff74c9107aa12a9e033e1578",
      "filesize": 135091,
      "dep_types": ["Depends", "Imports", "LinkingTo"],
      "params": [],
      "install_args": "",
      "repotype": "cran"
    },
    {
      "ref": "cli",
      "package": "cli",
      "version": "3.2.0",
      "type": "standard",
      "direct": false,
      "binary": false,
      "dependencies": ["glue"],
      "vignettes": false,
      "needscompilation": true,
      "metadata": {
        "RemoteType": "standard",
        "RemotePkgRef": "cli",
        "RemoteRef": "cli",
        "RemoteRepos": "https://cloud.r-project.org",
        "RemotePkgPlatform": "source",
        "RemoteSha": "3.2.0"
      },
      "sources": ["https://cloud.r-project.org/src/contrib/cli_3.2.0.tar.gz", "https://cloud.r-project.org/src/contrib/Archive/cli_3.2.0.tar.gz"],
      "target": "src/contrib/cli_3.2.0.tar.gz",
      "platform": "source",
      "rversion": "*",
      "directpkg": false,
      "license": "MIT + file LICENSE",
      "sha256": "cd5a1b754d09de33f088f25ecdb0494100f9a42bc0a66622bfd7d8ec5498e862",
      "filesize": 493192,
      "dep_types": ["Depends", "Imports", "LinkingTo"],
      "params": [],
      "install_args": "",
      "repotype": "cran"
    },
    {
      "ref": "clipr",
      "package": "clipr",
      "version": "0.8.0",
      "type": "standard",
      "direct": false,
      "binary": false,
      "dependencies": [],
      "vignettes": false,
      "needscompilation": false,
      "metadata": {
        "RemoteType": "standard",
        "RemotePkgRef": "clipr",
        "RemoteRef": "clipr",
        "RemoteRepos": "https://cloud.r-project.org",
        "RemotePkgPlatform": "source",
        "RemoteSha": "0.8.0"
      },
      "sources": ["https://cloud.r-project.org/src/contrib/clipr_0.8.0.tar.gz", "https://cloud.r-project.org/src/contrib/Archive/clipr_0.8.0.tar.gz"],
      "target": "src/contrib/clipr_0.8.0.tar.gz",
      "platform": "source",
      "rversion": "*",
      "directpkg": false,
      "license": "GPL-3",
      "sha256": "32c2931992fbec9c31b71de3e27059f1cbb45b4b1f45fd42e0e8dbcec6de3be9",
      "filesize": 21898,
      "dep_types": ["Depends", "Imports", "LinkingTo"],
      "params": [],
      "install_args": "",
      "repotype": "cran"
    },
    {
      "ref": "cpp11",
      "package": "cpp11",
      "version": "0.4.2",
      "type": "standard",
      "direct": false,
      "binary": false,
      "dependencies": [],
      "vignettes": false,
      "needscompilation": false,
      "metadata": {
        "RemoteType": "standard",
        "RemotePkgRef": "cpp11",
        "RemoteRef": "cpp11",
        "RemoteRepos": "https://cloud.r-project.org",
        "RemotePkgPlatform": "source",
        "RemoteSha": "0.4.2"
      },
      "sources": ["https://cloud.r-project.org/src/contrib/cpp11_0.4.2.tar.gz", "https://cloud.r-project.org/src/contrib/Archive/cpp11_0.4.2.tar.gz"],
      "target": "src/contrib/cpp11_0.4.2.tar.gz",
      "platform": "source",
      "rversion": "*",
      "directpkg": false,
      "license": "MIT + file LICENSE",
      "sha256": "403ce0bf82358d237176053b0fb1e958cb6bfa4d0fb3555bf5801db6a6939b99",
      "filesize": 317708,
      "dep_types": ["Depends", "Imports", "LinkingTo"],
      "params": [],
      "install_args": "",
      "repotype": "cran"
    },
    {
      "ref": "crayon",
      "package": "crayon",
      "version": "1.5.0",
      "type": "standard",
      "direct": false,
      "binary": false,
      "dependencies": [],
      "vignettes": false,
      "needscompilation": false,
      "metadata": {
        "RemoteType": "standard",
        "RemotePkgRef": "crayon",
        "RemoteRef": "crayon",
        "RemoteRepos": "https://cloud.r-project.org",
        "RemotePkgPlatform": "source",
        "RemoteSha": "1.5.0"
      },
      "sources": ["https://cloud.r-project.org/src/contrib/crayon_1.5.0.tar.gz", "https://cloud.r-project.org/src/contrib/Archive/crayon_1.5.0.tar.gz"],
      "target": "src/contrib/crayon_1.5.0.tar.gz",
      "platform": "source",
      "rversion": "*",
      "directpkg": false,
      "license": "MIT + file LICENSE",
      "sha256": "44122cafddcd8a35176b2a6bcab10c5f81cd5440d9e29d20091b31a0ef647954",
      "filesize": 40099,
      "dep_types": ["Depends", "Imports", "LinkingTo"],
      "params": [],
      "install_args": "",
      "repotype": "cran"
    },
    {
      "ref": "curl",
      "package": "curl",
      "version": "4.3.2",
      "type": "standard",
      "direct": false,
      "binary": false,
      "dependencies": [],
      "vignettes": false,
      "needscompilation": true,
      "metadata": {
        "RemoteType": "standard",
        "RemotePkgRef": "curl",
        "RemoteRef": "curl",
        "RemoteRepos": "https://cloud.r-project.org",
        "RemotePkgPlatform": "source",
        "RemoteSha": "4.3.2"
      },
      "sources": ["https://cloud.r-project.org/src/contrib/curl_4.3.2.tar.gz", "https://cloud.r-project.org/src/contrib/Archive/curl_4.3.2.tar.gz"],
      "target": "src/contrib/curl_4.3.2.tar.gz",
      "platform": "source",
      "rversion": "*",
      "directpkg": false,
      "license": "MIT + file LICENSE",
      "sha256": "90b1facb4be8b6315bb3d272ba2dd90b88973f6ea1ab7f439550230f8500a568",
      "filesize": 793345,
      "dep_types": ["Depends", "Imports", "LinkingTo"],
      "params": [],
      "install_args": "",
      "repotype": "cran"
    },
    {
      "ref": "dplyr",
      "package": "dplyr",
      "version": "1.0.8",
      "type": "standard",
      "direct": false,
      "binary": false,
      "dependencies": ["generics", "glue", "lifecycle", "magrittr", "R6", "rlang", "tibble", "tidyselect", "vctrs", "pillar"],
      "vignettes": false,
      "needscompilation": true,
      "metadata": {
        "RemoteType": "standard",
        "RemotePkgRef": "dplyr",
        "RemoteRef": "dplyr",
        "RemoteRepos": "https://cloud.r-project.org",
        "RemotePkgPlatform": "source",
        "RemoteSha": "1.0.8"
      },
      "sources": ["https://cloud.r-project.org/src/contrib/dplyr_1.0.8.tar.gz", "https://cloud.r-project.org/src/contrib/Archive/dplyr_1.0.8.tar.gz"],
      "target": "src/contrib/dplyr_1.0.8.tar.gz",
      "platform": "source",
      "rversion": "*",
      "directpkg": false,
      "license": "MIT + file LICENSE",
      "sha256": "3b6aa3a06d67037223da6af4b59ab89cbd342bc450b92c6050fb267127236075",
      "filesize": 880713,
      "dep_types": ["Depends", "Imports", "LinkingTo"],
      "params": [],
      "install_args": "",
      "repotype": "cran"
    },
    {
      "ref": "ellipsis",
      "package": "ellipsis",
      "version": "0.3.2",
      "type": "standard",
      "direct": false,
      "binary": false,
      "dependencies": ["rlang"],
      "vignettes": false,
      "needscompilation": true,
      "metadata": {
        "RemoteType": "standard",
        "RemotePkgRef": "ellipsis",
        "RemoteRef": "ellipsis",
        "RemoteRepos": "https://cloud.r-project.org",
        "RemotePkgPlatform": "source",
        "RemoteSha": "0.3.2"
      },
      "sources": ["https://cloud.r-project.org/src/contrib/ellipsis_0.3.2.tar.gz", "https://cloud.r-project.org/src/contrib/Archive/ellipsis_0.3.2.tar.gz"],
      "target": "src/contrib/ellipsis_0.3.2.tar.gz",
      "platform": "source",
      "rversion": "*",
      "directpkg": false,
      "license": "MIT + file LICENSE",
      "sha256": "a90266e5eb59c7f419774d5c6d6bd5e09701a26c9218c5933c9bce6765aa1558",
      "filesize": 8066,
      "dep_types": ["Depends", "Imports", "LinkingTo"],
      "params": [],
      "install_args": "",
      "repotype": "cran"
    },
    {
      "ref": "fansi",
      "package": "fansi",
      "version": "1.0.2",
      "type": "standard",
      "direct": false,
      "binary": false,
      "dependencies": [],
      "vignettes": false,
      "needscompilation": true,
      "metadata": {
        "RemoteType": "standard",
        "RemotePkgRef": "fansi",
        "RemoteRef": "fansi",
        "RemoteRepos": "https://cloud.r-project.org",
        "RemotePkgPlatform": "source",
        "RemoteSha": "1.0.2"
      },
      "sources": ["https://cloud.r-project.org/src/contrib/fansi_1.0.2.tar.gz", "https://cloud.r-project.org/src/contrib/Archive/fansi_1.0.2.tar.gz"],
      "target": "src/contrib/fansi_1.0.2.tar.gz",
      "platform": "source",
      "rversion": "*",
      "directpkg": false,
      "license": "GPL-2 | GPL-3",
      "sha256": "d1e2cf2e10613abe19071e3dab7c564ebcf85ad13cbee25fa1999267af01b557",
      "filesize": 480902,
      "dep_types": ["Depends", "Imports", "LinkingTo"],
      "params": [],
      "install_args": "",
      "repotype": "cran"
    },
    {
      "ref": "generics",
      "package": "generics",
      "version": "0.1.2",
      "type": "standard",
      "direct": false,
      "binary": false,
      "dependencies": [],
      "vignettes": false,
      "needscompilation": false,
      "metadata": {
        "RemoteType": "standard",
        "RemotePkgRef": "generics",
        "RemoteRef": "generics",
        "RemoteRepos": "https://cloud.r-project.org",
        "RemotePkgPlatform": "source",
        "RemoteSha": "0.1.2"
      },
      "sources": ["https://cloud.r-project.org/src/contrib/generics_0.1.2.tar.gz", "https://cloud.r-project.org/src/contrib/Archive/generics_0.1.2.tar.gz"],
      "target": "src/contrib/generics_0.1.2.tar.gz",
      "platform": "source",
      "rversion": "*",
      "directpkg": false,
      "license": "MIT + file LICENSE",
      "sha256": "63eab37a9148f820ce2d67bda3dab6dedb9db6890baa5284949c39ab1b4c5898",
      "filesize": 123325,
      "dep_types": ["Depends", "Imports", "LinkingTo"],
      "params": [],
      "install_args": "",
      "repotype": "cran"
    },
    {
      "ref": "glue",
      "package": "glue",
      "version": "1.6.2",
      "type": "standard",
      "direct": false,
      "binary": false,
      "dependencies": [],
      "vignettes": false,
      "needscompilation": true,
      "metadata": {
        "RemoteType": "standard",
        "RemotePkgRef": "glue",
        "RemoteRef": "glue",
        "RemoteRepos": "https://cloud.r-project.org",
        "RemotePkgPlatform": "source",
        "RemoteSha": "1.6.2"
      },
      "sources": ["https://cloud.r-project.org/src/contrib/glue_1.6.2.tar.gz", "https://cloud.r-project.org/src/contrib/Archive/glue_1.6.2.tar.gz"],
      "target": "src/contrib/glue_1.6.2.tar.gz",
      "platform": "source",
      "rversion": "*",
      "directpkg": false,
      "license": "MIT + file LICENSE",
      "sha256": "9da518f12be584c90e75fe8e07f711ee3f6fc0d03d817f72c25dc0f66499fdbf",
      "filesize": 106510,
      "dep_types": ["Depends", "Imports", "LinkingTo"],
      "params": [],
      "install_args": "",
      "repotype": "cran"
    },
    {
      "ref": "hms",
      "package": "hms",
      "version": "1.1.1",
      "type": "standard",
      "direct": false,
      "binary": false,
      "dependencies": ["ellipsis", "lifecycle", "pkgconfig", "rlang", "vctrs"],
      "vignettes": false,
      "needscompilation": false,
      "metadata": {
        "RemoteType": "standard",
        "RemotePkgRef": "hms",
        "RemoteRef": "hms",
        "RemoteRepos": "https://cloud.r-project.org",
        "RemotePkgPlatform": "source",
        "RemoteSha": "1.1.1"
      },
      "sources": ["https://cloud.r-project.org/src/contrib/hms_1.1.1.tar.gz", "https://cloud.r-project.org/src/contrib/Archive/hms_1.1.1.tar.gz"],
      "target": "src/contrib/hms_1.1.1.tar.gz",
      "platform": "source",
      "rversion": "*",
      "directpkg": false,
      "license": "MIT + file LICENSE",
      "sha256": "6b5f30db1845c70d27b5de33f31caa487cdd0787cd80a4073375e5f482269062",
      "filesize": 43117,
      "dep_types": ["Depends", "Imports", "LinkingTo"],
      "params": [],
      "install_args": "",
      "repotype": "cran"
    },
    {
      "ref": "httr",
      "package": "httr",
      "version": "1.4.2",
      "type": "standard",
      "direct": false,
      "binary": false,
      "dependencies": ["curl", "jsonlite", "mime", "openssl", "R6"],
      "vignettes": false,
      "needscompilation": false,
      "metadata": {
        "RemoteType": "standard",
        "RemotePkgRef": "httr",
        "RemoteRef": "httr",
        "RemoteRepos": "https://cloud.r-project.org",
        "RemotePkgPlatform": "source",
        "RemoteSha": "1.4.2"
      },
      "sources": ["https://cloud.r-project.org/src/contrib/httr_1.4.2.tar.gz", "https://cloud.r-project.org/src/contrib/Archive/httr_1.4.2.tar.gz"],
      "target": "src/contrib/httr_1.4.2.tar.gz",
      "platform": "source",
      "rversion": "*",
      "directpkg": false,
      "license": "MIT + file LICENSE",
      "sha256": "462bed6ed0d92f811d5df4d294336025f1dbff357286999d9269bfd9c20b1ef9",
      "filesize": 159950,
      "dep_types": ["Depends", "Imports", "LinkingTo"],
      "params": [],
      "install_args": "",
      "repotype": "cran"
    },
    {
      "ref": "jsonlite",
      "package": "jsonlite",
      "version": "1.8.0",
      "type": "standard",
      "direct": false,
      "binary": false,
      "dependencies": [],
      "vignettes": false,
      "needscompilation": true,
      "metadata": {
        "RemoteType": "standard",
        "RemotePkgRef": "jsonlite",
        "RemoteRef": "jsonlite",
        "RemoteRepos": "https://cloud.r-project.org",
        "RemotePkgPlatform": "source",
        "RemoteSha": "1.8.0"
      },
      "sources": ["https://cloud.r-project.org/src/contrib/jsonlite_1.8.0.tar.gz", "https://cloud.r-project.org/src/contrib/Archive/jsonlite_1.8.0.tar.gz"],
      "target": "src/contrib/jsonlite_1.8.0.tar.gz",
      "platform": "source",
      "rversion": "*",
      "directpkg": false,
      "license": "MIT + file LICENSE",
      "sha256": "7b1892efebcb4cf4628f716000accd4b43bbf82b3e6ba90b9529d4fa0e55cd4c",
      "filesize": 1051625,
      "dep_types": ["Depends", "Imports", "LinkingTo"],
      "params": [],
      "install_args": "",
      "repotype": "cran"
    },
    {
      "ref": "lifecycle",
      "package": "lifecycle",
      "version": "1.0.1",
      "type": "standard",
      "direct": false,
      "binary": false,
      "dependencies": ["glue", "rlang"],
      "vignettes": false,
      "needscompilation": false,
      "metadata": {
        "RemoteType": "standard",
        "RemotePkgRef": "lifecycle",
        "RemoteRef": "lifecycle",
        "RemoteRepos": "https://cloud.r-project.org",
        "RemotePkgPlatform": "source",
        "RemoteSha": "1.0.1"
      },
      "sources": ["https://cloud.r-project.org/src/contrib/lifecycle_1.0.1.tar.gz", "https://cloud.r-project.org/src/contrib/Archive/lifecycle_1.0.1.tar.gz"],
      "target": "src/contrib/lifecycle_1.0.1.tar.gz",
      "platform": "source",
      "rversion": "*",
      "directpkg": false,
      "license": "MIT + file LICENSE",
      "sha256": "1da76e1c00f1be96ca34e122ae611259430bf99d6a1b999fdef70c00c30f7ba0",
      "filesize": 99716,
      "dep_types": ["Depends", "Imports", "LinkingTo"],
      "params": [],
      "install_args": "",
      "repotype": "cran"
    },
    {
      "ref": "magrittr",
      "package": "magrittr",
      "version": "2.0.2",
      "type": "standard",
      "direct": false,
      "binary": false,
      "dependencies": [],
      "vignettes": false,
      "needscompilation": true,
      "metadata": {
        "RemoteType": "standard",
        "RemotePkgRef": "magrittr",
        "RemoteRef": "magrittr",
        "RemoteRepos": "https://cloud.r-project.org",
        "RemotePkgPlatform": "source",
        "RemoteSha": "2.0.2"
      },
      "sources": ["https://cloud.r-project.org/src/contrib/magrittr_2.0.2.tar.gz", "https://cloud.r-project.org/src/contrib/Archive/magrittr_2.0.2.tar.gz"],
      "target": "src/contrib/magrittr_2.0.2.tar.gz",
      "platform": "source",
      "rversion": "*",
      "directpkg": false,
      "license": "MIT + file LICENSE",
      "sha256": "7be6fd0d0da75b92d8bad0136076da96260ee84bf639ef632a24668acdc163a6",
      "filesize": 267039,
      "dep_types": ["Depends", "Imports", "LinkingTo"],
      "params": [],
      "install_args": "",
      "repotype": "cran"
    },
    {
      "ref": "mime",
      "package": "mime",
      "version": "0.12",
      "type": "standard",
      "direct": false,
      "binary": false,
      "dependencies": [],
      "vignettes": false,
      "needscompilation": true,
      "metadata": {
        "RemoteType": "standard",
        "RemotePkgRef": "mime",
        "RemoteRef": "mime",
        "RemoteRepos": "https://cloud.r-project.org",
        "RemotePkgPlatform": "source",
        "RemoteSha": "0.12"
      },
      "sources": ["https://cloud.r-project.org/src/contrib/mime_0.12.tar.gz", "https://cloud.r-project.org/src/contrib/Archive/mime_0.12.tar.gz"],
      "target": "src/contrib/mime_0.12.tar.gz",
      "platform": "source",
      "rversion": "*",
      "directpkg": false,
      "license": "GPL",
      "sha256": "a9001051d6c1e556e881910b1816b42872a1ee41ab76d0040ce66a27135e3849",
      "filesize": 12562,
      "dep_types": ["Depends", "Imports", "LinkingTo"],
      "params": [],
      "install_args": "",
      "repotype": "cran"
    },
    {
      "ref": "openssl",
      "package": "openssl",
      "version": "2.0.0",
      "type": "standard",
      "direct": false,
      "binary": false,
      "dependencies": ["askpass"],
      "vignettes": false,
      "needscompilation": true,
      "metadata": {
        "RemoteType": "standard",
        "RemotePkgRef": "openssl",
        "RemoteRef": "openssl",
        "RemoteRepos": "https://cloud.r-project.org",
        "RemotePkgPlatform": "source",
        "RemoteSha": "2.0.0"
      },
      "sources": ["https://cloud.r-project.org/src/contrib/openssl_2.0.0.tar.gz", "https://cloud.r-project.org/src/contrib/Archive/openssl_2.0.0.tar.gz"],
      "target": "src/contrib/openssl_2.0.0.tar.gz",
      "platform": "source",
      "rversion": "*",
      "directpkg": false,
      "license": "MIT + file LICENSE",
      "sha256": "eb28fde65f33ffb780abb85ab17d724ae55c2b9dbe171155d3dd2d7154ff564b",
      "filesize": 1200448,
      "dep_types": ["Depends", "Imports", "LinkingTo"],
      "params": [],
      "install_args": "",
      "repotype": "cran"
    },
    {
      "ref": "pillar",
      "package": "pillar",
      "version": "1.7.0",
      "type": "standard",
      "direct": false,
      "binary": false,
      "dependencies": ["cli", "crayon", "ellipsis", "fansi", "glue", "lifecycle", "rlang", "utf8", "vctrs"],
      "vignettes": false,
      "needscompilation": false,
      "metadata": {
        "RemoteType": "standard",
        "RemotePkgRef": "pillar",
        "RemoteRef": "pillar",
        "RemoteRepos": "https://cloud.r-project.org",
        "RemotePkgPlatform": "source",
        "RemoteSha": "1.7.0"
      },
      "sources": ["https://cloud.r-project.org/src/contrib/pillar_1.7.0.tar.gz", "https://cloud.r-project.org/src/contrib/Archive/pillar_1.7.0.tar.gz"],
      "target": "src/contrib/pillar_1.7.0.tar.gz",
      "platform": "source",
      "rversion": "*",
      "directpkg": false,
      "license": "MIT + file LICENSE",
      "sha256": "7841f89658cc8935568c0ff24dc480b4481bac896de2f6447050abc4360a13bb",
      "filesize": 529668,
      "dep_types": ["Depends", "Imports", "LinkingTo"],
      "params": [],
      "install_args": "",
      "repotype": "cran"
    },
    {
      "ref": "pkgconfig",
      "package": "pkgconfig",
      "version": "2.0.3",
      "type": "standard",
      "direct": false,
      "binary": false,
      "dependencies": [],
      "vignettes": false,
      "needscompilation": false,
      "metadata": {
        "RemoteType": "standard",
        "RemotePkgRef": "pkgconfig",
        "RemoteRef": "pkgconfig",
        "RemoteRepos": "https://cloud.r-project.org",
        "RemotePkgPlatform": "source",
        "RemoteSha": "2.0.3"
      },
      "sources": ["https://cloud.r-project.org/src/contrib/pkgconfig_2.0.3.tar.gz", "https://cloud.r-project.org/src/contrib/Archive/pkgconfig_2.0.3.tar.gz"],
      "target": "src/contrib/pkgconfig_2.0.3.tar.gz",
      "platform": "source",
      "rversion": "*",
      "directpkg": false,
      "license": "MIT + file LICENSE",
      "sha256": "330fef440ffeb842a7dcfffc8303743f1feae83e8d6131078b5a44ff11bc3850",
      "filesize": 6080,
      "dep_types": ["Depends", "Imports", "LinkingTo"],
      "params": [],
      "install_args": "",
      "repotype": "cran"
    },
    {
      "ref": "prettyunits",
      "package": "prettyunits",
      "version": "1.1.1",
      "type": "standard",
      "direct": false,
      "binary": false,
      "dependencies": [],
      "vignettes": false,
      "needscompilation": false,
      "metadata": {
        "RemoteType": "standard",
        "RemotePkgRef": "prettyunits",
        "RemoteRef": "prettyunits",
        "RemoteRepos": "https://cloud.r-project.org",
        "RemotePkgPlatform": "source",
        "RemoteSha": "1.1.1"
      },
      "sources": ["https://cloud.r-project.org/src/contrib/prettyunits_1.1.1.tar.gz", "https://cloud.r-project.org/src/contrib/Archive/prettyunits_1.1.1.tar.gz"],
      "target": "src/contrib/prettyunits_1.1.1.tar.gz",
      "platform": "source",
      "rversion": "*",
      "directpkg": false,
      "license": "MIT + file LICENSE",
      "sha256": "9a199aa80c6d5e50fa977bc724d6e39dae1fc597a96413053609156ee7fb75c5",
      "filesize": 10366,
      "dep_types": ["Depends", "Imports", "LinkingTo"],
      "params": [],
      "install_args": "",
      "repotype": "cran"
    },
    {
      "ref": "progress",
      "package": "progress",
      "version": "1.2.2",
      "type": "standard",
      "direct": false,
      "binary": false,
      "dependencies": ["hms", "prettyunits", "R6", "crayon"],
      "vignettes": false,
      "needscompilation": false,
      "metadata": {
        "RemoteType": "standard",
        "RemotePkgRef": "progress",
        "RemoteRef": "progress",
        "RemoteRepos": "https://cloud.r-project.org",
        "RemotePkgPlatform": "source",
        "RemoteSha": "1.2.2"
      },
      "sources": ["https://cloud.r-project.org/src/contrib/progress_1.2.2.tar.gz", "https://cloud.r-project.org/src/contrib/Archive/progress_1.2.2.tar.gz"],
      "target": "src/contrib/progress_1.2.2.tar.gz",
      "platform": "source",
      "rversion": "*",
      "directpkg": false,
      "license": "MIT + file LICENSE",
      "sha256": "b4a4d8ed55db99394b036a29a0fb20b5dd2a91c211a1d651c52a1023cc58ff35",
      "filesize": 29506,
      "dep_types": ["Depends", "Imports", "LinkingTo"],
      "params": [],
      "install_args": "",
      "repotype": "cran"
    },
    {
      "ref": "purrr",
      "package": "purrr",
      "version": "0.3.4",
      "type": "standard",
      "direct": false,
      "binary": false,
      "dependencies": ["magrittr", "rlang"],
      "vignettes": false,
      "needscompilation": true,
      "metadata": {
        "RemoteType": "standard",
        "RemotePkgRef": "purrr",
        "RemoteRef": "purrr",
        "RemoteRepos": "https://cloud.r-project.org",
        "RemotePkgPlatform": "source",
        "RemoteSha": "0.3.4"
      },
      "sources": ["https://cloud.r-project.org/src/contrib/purrr_0.3.4.tar.gz", "https://cloud.r-project.org/src/contrib/Archive/purrr_0.3.4.tar.gz"],
      "target": "src/contrib/purrr_0.3.4.tar.gz",
      "platform": "source",
      "rversion": "*",
      "directpkg": false,
      "license": "GPL-3 | file LICENSE",
      "sha256": "23ebc93bc9aed9e7575e8eb9683ff4acc0270ef7d6436cc2ef4236a9734840b2",
      "filesize": 375062,
      "dep_types": ["Depends", "Imports", "LinkingTo"],
      "params": [],
      "install_args": "",
      "repotype": "cran"
    },
    {
      "ref": "R6",
      "package": "R6",
      "version": "2.5.1",
      "type": "standard",
      "direct": false,
      "binary": false,
      "dependencies": [],
      "vignettes": false,
      "needscompilation": false,
      "metadata": {
        "RemoteType": "standard",
        "RemotePkgRef": "R6",
        "RemoteRef": "R6",
        "RemoteRepos": "https://cloud.r-project.org",
        "RemotePkgPlatform": "source",
        "RemoteSha": "2.5.1"
      },
      "sources": ["https://cloud.r-project.org/src/contrib/R6_2.5.1.tar.gz", "https://cloud.r-project.org/src/contrib/Archive/R6_2.5.1.tar.gz"],
      "target": "src/contrib/R6_2.5.1.tar.gz",
      "platform": "source",
      "rversion": "*",
      "directpkg": false,
      "license": "MIT + file LICENSE",
      "sha256": "8d92bd29c2ed7bf15f2778618ffe4a95556193d21d8431a7f75e7e5fc102bf48",
      "filesize": 63422,
      "dep_types": ["Depends", "Imports", "LinkingTo"],
      "params": [],
      "install_args": "",
      "repotype": "cran"
    },
    {
      "ref": "readr",
      "package": "readr",
      "version": "2.1.2",
      "type": "standard",
      "direct": false,
      "binary": false,
      "dependencies": ["cli", "clipr", "crayon", "hms", "lifecycle", "R6", "rlang", "tibble", "vroom", "cpp11", "tzdb"],
      "vignettes": false,
      "needscompilation": true,
      "metadata": {
        "RemoteType": "standard",
        "RemotePkgRef": "readr",
        "RemoteRef": "readr",
        "RemoteRepos": "https://cloud.r-project.org",
        "RemotePkgPlatform": "source",
        "RemoteSha": "2.1.2"
      },
      "sources": ["https://cloud.r-project.org/src/contrib/readr_2.1.2.tar.gz", "https://cloud.r-project.org/src/contrib/Archive/readr_2.1.2.tar.gz"],
      "target": "src/contrib/readr_2.1.2.tar.gz",
      "platform": "source",
      "rversion": "*",
      "directpkg": false,
      "license": "MIT + file LICENSE",
      "sha256": "94afd03a1fa4abcf2985ec903bbf5995d7c590e1a50512ed80d081ef4fe10c1b",
      "filesize": 302240,
      "dep_types": ["Depends", "Imports", "LinkingTo"],
      "params": [],
      "install_args": "",
      "repotype": "cran"
    },
    {
      "ref": "rlang",
      "package": "rlang",
      "version": "1.0.2",
      "type": "standard",
      "direct": false,
      "binary": false,
      "dependencies": [],
      "vignettes": false,
      "needscompilation": true,
      "metadata": {
        "RemoteType": "standard",
        "RemotePkgRef": "rlang",
        "RemoteRef": "rlang",
        "RemoteRepos": "https://cloud.r-project.org",
        "RemotePkgPlatform": "source",
        "RemoteSha": "1.0.2"
      },
      "sources": ["https://cloud.r-project.org/src/contrib/rlang_1.0.2.tar.gz", "https://cloud.r-project.org/src/contrib/Archive/rlang_1.0.2.tar.gz"],
      "target": "src/contrib/rlang_1.0.2.tar.gz",
      "platform": "source",
      "rversion": "*",
      "directpkg": false,
      "license": "MIT + file LICENSE",
      "sha256": "8de87c3e6fb0b3cce2dabc6908186f8e1528cc0c16b54de965fe02d405fdd7cc",
      "filesize": 724829,
      "dep_types": ["Depends", "Imports", "LinkingTo"],
      "params": [],
      "install_args": "",
      "repotype": "cran"
    },
    {
      "ref": "rvest",
      "package": "rvest",
      "version": "1.0.2",
      "type": "standard",
      "direct": false,
      "binary": false,
      "dependencies": ["httr", "lifecycle", "magrittr", "rlang", "selectr", "tibble", "xml2"],
      "vignettes": false,
      "needscompilation": false,
      "metadata": {
        "RemoteType": "standard",
        "RemotePkgRef": "rvest",
        "RemoteRef": "rvest",
        "RemoteRepos": "https://cloud.r-project.org",
        "RemotePkgPlatform": "source",
        "RemoteSha": "1.0.2"
      },
      "sources": ["https://cloud.r-project.org/src/contrib/rvest_1.0.2.tar.gz", "https://cloud.r-project.org/src/contrib/Archive/rvest_1.0.2.tar.gz"],
      "target": "src/contrib/rvest_1.0.2.tar.gz",
      "platform": "source",
      "rversion": "*",
      "directpkg": false,
      "license": "MIT + file LICENSE",
      "sha256": "89bb477e0944c80298a52ccf650db8f6377fd7ed3c1bc7034d000f695fdf05a4",
      "filesize": 94357,
      "dep_types": ["Depends", "Imports", "LinkingTo"],
      "params": [],
      "install_args": "",
      "repotype": "cran"
    },
    {
      "ref": "selectr",
      "package": "selectr",
      "version": "0.4-2",
      "type": "standard",
      "direct": false,
      "binary": false,
      "dependencies": ["stringr", "R6"],
      "vignettes": false,
      "needscompilation": false,
      "metadata": {
        "RemoteType": "standard",
        "RemotePkgRef": "selectr",
        "RemoteRef": "selectr",
        "RemoteRepos": "https://cloud.r-project.org",
        "RemotePkgPlatform": "source",
        "RemoteSha": "0.4-2"
      },
      "sources": ["https://cloud.r-project.org/src/contrib/selectr_0.4-2.tar.gz", "https://cloud.r-project.org/src/contrib/Archive/selectr_0.4-2.tar.gz"],
      "target": "src/contrib/selectr_0.4-2.tar.gz",
      "platform": "source",
      "rversion": "*",
      "directpkg": false,
      "license": "BSD_3_clause + file LICENCE",
      "sha256": "5588aed05f3f5ee63c0d29953ef53da5dac7afccfdd04b7b22ef24e1e3b0c127",
      "filesize": 41371,
      "dep_types": ["Depends", "Imports", "LinkingTo"],
      "params": [],
      "install_args": "",
      "repotype": "cran"
    },
    {
      "ref": "stringi",
      "package": "stringi",
      "version": "1.7.6",
      "type": "standard",
      "direct": false,
      "binary": false,
      "dependencies": [],
      "vignettes": false,
      "needscompilation": true,
      "metadata": {
        "RemoteType": "standard",
        "RemotePkgRef": "stringi",
        "RemoteRef": "stringi",
        "RemoteRepos": "https://cloud.r-project.org",
        "RemotePkgPlatform": "source",
        "RemoteSha": "1.7.6"
      },
      "sources": ["https://cloud.r-project.org/src/contrib/stringi_1.7.6.tar.gz", "https://cloud.r-project.org/src/contrib/Archive/stringi_1.7.6.tar.gz"],
      "target": "src/contrib/stringi_1.7.6.tar.gz",
      "platform": "source",
      "rversion": "*",
      "directpkg": false,
      "license": "file LICENSE",
      "sha256": "0ea3d5afec5701977ff53de9afbaceb53b00aa34f5fb641cadc1eeb7759119ec",
      "filesize": 7600716,
      "dep_types": ["Depends", "Imports", "LinkingTo"],
      "params": [],
      "install_args": "",
      "repotype": "cran"
    },
    {
      "ref": "stringr",
      "package": "stringr",
      "version": "1.4.0",
      "type": "standard",
      "direct": false,
      "binary": false,
      "dependencies": ["glue", "magrittr", "stringi"],
      "vignettes": false,
      "needscompilation": false,
      "metadata": {
        "RemoteType": "standard",
        "RemotePkgRef": "stringr",
        "RemoteRef": "stringr",
        "RemoteRepos": "https://cloud.r-project.org",
        "RemotePkgPlatform": "source",
        "RemoteSha": "1.4.0"
      },
      "sources": ["https://cloud.r-project.org/src/contrib/stringr_1.4.0.tar.gz", "https://cloud.r-project.org/src/contrib/Archive/stringr_1.4.0.tar.gz"],
      "target": "src/contrib/stringr_1.4.0.tar.gz",
      "platform": "source",
      "rversion": "*",
      "directpkg": false,
      "license": "GPL-2 | file LICENSE",
      "sha256": "87604d2d3a9ad8fd68444ce0865b59e2ffbdb548a38d6634796bbd83eeb931dd",
      "filesize": 135777,
      "dep_types": ["Depends", "Imports", "LinkingTo"],
      "params": [],
      "install_args": "",
      "repotype": "cran"
    },
    {
      "ref": "sys",
      "package": "sys",
      "version": "3.4",
      "type": "standard",
      "direct": false,
      "binary": false,
      "dependencies": [],
      "vignettes": false,
      "needscompilation": true,
      "metadata": {
        "RemoteType": "standard",
        "RemotePkgRef": "sys",
        "RemoteRef": "sys",
        "RemoteRepos": "https://cloud.r-project.org",
        "RemotePkgPlatform": "source",
        "RemoteSha": "3.4"
      },
      "sources": ["https://cloud.r-project.org/src/contrib/sys_3.4.tar.gz", "https://cloud.r-project.org/src/contrib/Archive/sys_3.4.tar.gz"],
      "target": "src/contrib/sys_3.4.tar.gz",
      "platform": "source",
      "rversion": "*",
      "directpkg": false,
      "license": "MIT + file LICENSE",
      "sha256": "17f88fbaf222f1f8fd07919461093dac0e7175ae3c3b3264b88470617afd0487",
      "filesize": 20138,
      "dep_types": ["Depends", "Imports", "LinkingTo"],
      "params": [],
      "install_args": "",
      "repotype": "cran"
    },
    {
      "ref": "tibble",
      "package": "tibble",
      "version": "3.1.6",
      "type": "standard",
      "direct": false,
      "binary": false,
      "dependencies": ["ellipsis", "fansi", "lifecycle", "magrittr", "pillar", "pkgconfig", "rlang", "vctrs"],
      "vignettes": false,
      "needscompilation": true,
      "metadata": {
        "RemoteType": "standard",
        "RemotePkgRef": "tibble",
        "RemoteRef": "tibble",
        "RemoteRepos": "https://cloud.r-project.org",
        "RemotePkgPlatform": "source",
        "RemoteSha": "3.1.6"
      },
      "sources": ["https://cloud.r-project.org/src/contrib/tibble_3.1.6.tar.gz", "https://cloud.r-project.org/src/contrib/Archive/tibble_3.1.6.tar.gz"],
      "target": "src/contrib/tibble_3.1.6.tar.gz",
      "platform": "source",
      "rversion": "*",
      "directpkg": false,
      "license": "MIT + file LICENSE",
      "sha256": "5b33d909f146ebad38e262f6a57cb91ab70bfe240c2af01004beec11b3898292",
      "filesize": 739349,
      "dep_types": ["Depends", "Imports", "LinkingTo"],
      "params": [],
      "install_args": "",
      "repotype": "cran"
    },
    {
      "ref": "tidyselect",
      "package": "tidyselect",
      "version": "1.1.2",
      "type": "standard",
      "direct": false,
      "binary": false,
      "dependencies": ["ellipsis", "glue", "purrr", "rlang", "vctrs"],
      "vignettes": false,
      "needscompilation": true,
      "metadata": {
        "RemoteType": "standard",
        "RemotePkgRef": "tidyselect",
        "RemoteRef": "tidyselect",
        "RemoteRepos": "https://cloud.r-project.org",
        "RemotePkgPlatform": "source",
        "RemoteSha": "1.1.2"
      },
      "sources": ["https://cloud.r-project.org/src/contrib/tidyselect_1.1.2.tar.gz", "https://cloud.r-project.org/src/contrib/Archive/tidyselect_1.1.2.tar.gz"],
      "target": "src/contrib/tidyselect_1.1.2.tar.gz",
      "platform": "source",
      "rversion": "*",
      "directpkg": false,
      "license": "MIT + file LICENSE",
      "sha256": "0389a3b15417954a30d6d692f6ebdd3d0f318cb94a5c9b05365df2f4ea1d8270",
      "filesize": 92085,
      "dep_types": ["Depends", "Imports", "LinkingTo"],
      "params": [],
      "install_args": "",
      "repotype": "cran"
    },
    {
      "ref": "tzdb",
      "package": "tzdb",
      "version": "0.2.0",
      "type": "standard",
      "direct": false,
      "binary": false,
      "dependencies": ["cpp11"],
      "vignettes": false,
      "needscompilation": true,
      "metadata": {
        "RemoteType": "standard",
        "RemotePkgRef": "tzdb",
        "RemoteRef": "tzdb",
        "RemoteRepos": "https://cloud.r-project.org",
        "RemotePkgPlatform": "source",
        "RemoteSha": "0.2.0"
      },
      "sources": ["https://cloud.r-project.org/src/contrib/tzdb_0.2.0.tar.gz", "https://cloud.r-project.org/src/contrib/Archive/tzdb_0.2.0.tar.gz"],
      "target": "src/contrib/tzdb_0.2.0.tar.gz",
      "platform": "source",
      "rversion": "*",
      "directpkg": false,
      "license": "MIT + file LICENSE",
      "sha256": "c335905d452b400af7ed54b916b5246cb3f47ede0602911a2bcb25a1cf56d5a9",
      "filesize": 563492,
      "dep_types": ["Depends", "Imports", "LinkingTo"],
      "params": [],
      "install_args": "",
      "repotype": "cran"
    },
    {
      "ref": "utf8",
      "package": "utf8",
      "version": "1.2.2",
      "type": "standard",
      "direct": false,
      "binary": false,
      "dependencies": [],
      "vignettes": false,
      "needscompilation": true,
      "metadata": {
        "RemoteType": "standard",
        "RemotePkgRef": "utf8",
        "RemoteRef": "utf8",
        "RemoteRepos": "https://cloud.r-project.org",
        "RemotePkgPlatform": "source",
        "RemoteSha": "1.2.2"
      },
      "sources": ["https://cloud.r-project.org/src/contrib/utf8_1.2.2.tar.gz", "https://cloud.r-project.org/src/contrib/Archive/utf8_1.2.2.tar.gz"],
      "target": "src/contrib/utf8_1.2.2.tar.gz",
      "platform": "source",
      "rversion": "*",
      "directpkg": false,
      "license": "Apache License (== 2.0) | file LICENSE",
      "sha256": "a71aee87d43a9bcf29249c7a5a2e9ca1d2a836e8d5ee3a264d3062f25378d8f4",
      "filesize": 240327,
      "dep_types": ["Depends", "Imports", "LinkingTo"],
      "params": [],
      "install_args": "",
      "repotype": "cran"
    },
    {
      "ref": "vctrs",
      "package": "vctrs",
      "version": "0.3.8",
      "type": "standard",
      "direct": false,
      "binary": false,
      "dependencies": ["ellipsis", "glue", "rlang"],
      "vignettes": false,
      "needscompilation": true,
      "metadata": {
        "RemoteType": "standard",
        "RemotePkgRef": "vctrs",
        "RemoteRef": "vctrs",
        "RemoteRepos": "https://cloud.r-project.org",
        "RemotePkgPlatform": "source",
        "RemoteSha": "0.3.8"
      },
      "sources": ["https://cloud.r-project.org/src/contrib/vctrs_0.3.8.tar.gz", "https://cloud.r-project.org/src/contrib/Archive/vctrs_0.3.8.tar.gz"],
      "target": "src/contrib/vctrs_0.3.8.tar.gz",
      "platform": "source",
      "rversion": "*",
      "directpkg": false,
      "license": "MIT + file LICENSE",
      "sha256": "7f4e8b75eda115e69dddf714f0643eb889ad61017cdc13af24389aab2a2d1bb1",
      "filesize": 782608,
      "dep_types": ["Depends", "Imports", "LinkingTo"],
      "params": [],
      "install_args": "",
      "repotype": "cran"
    },
    {
      "ref": "vroom",
      "package": "vroom",
      "version": "1.5.7",
      "type": "standard",
      "direct": false,
      "binary": false,
      "dependencies": ["bit64", "crayon", "cli", "glue", "hms", "lifecycle", "rlang", "tibble", "tzdb", "vctrs", "tidyselect", "withr", "progress", "cpp11"],
      "vignettes": false,
      "needscompilation": true,
      "metadata": {
        "RemoteType": "standard",
        "RemotePkgRef": "vroom",
        "RemoteRef": "vroom",
        "RemoteRepos": "https://cloud.r-project.org",
        "RemotePkgPlatform": "source",
        "RemoteSha": "1.5.7"
      },
      "sources": ["https://cloud.r-project.org/src/contrib/vroom_1.5.7.tar.gz", "https://cloud.r-project.org/src/contrib/Archive/vroom_1.5.7.tar.gz"],
      "target": "src/contrib/vroom_1.5.7.tar.gz",
      "platform": "source",
      "rversion": "*",
      "directpkg": false,
      "license": "MIT + file LICENSE",
      "sha256": "d087cb148f71c222fc89199d03df2502689149873414a6d89c2f006d3a109fde",
      "filesize": 727956,
      "dep_types": ["Depends", "Imports", "LinkingTo"],
      "params": [],
      "install_args": "",
      "repotype": "cran"
    },
    {
      "ref": "withr",
      "package": "withr",
      "version": "2.5.0",
      "type": "standard",
      "direct": false,
      "binary": false,
      "dependencies": [],
      "vignettes": false,
      "needscompilation": false,
      "metadata": {
        "RemoteType": "standard",
        "RemotePkgRef": "withr",
        "RemoteRef": "withr",
        "RemoteRepos": "https://cloud.r-project.org",
        "RemotePkgPlatform": "source",
        "RemoteSha": "2.5.0"
      },
      "sources": ["https://cloud.r-project.org/src/contrib/withr_2.5.0.tar.gz", "https://cloud.r-project.org/src/contrib/Archive/withr_2.5.0.tar.gz"],
      "target": "src/contrib/withr_2.5.0.tar.gz",
      "platform": "source",
      "rversion": "*",
      "directpkg": false,
      "license": "MIT + file LICENSE",
      "sha256": "37317b3ed790a08407072993a05ab255f6305f95a12a16e0e28aa6aa80fc8bc0",
      "filesize": 102089,
      "dep_types": ["Depends", "Imports", "LinkingTo"],
      "params": [],
      "install_args": "",
      "repotype": "cran"
    },
    {
      "ref": "xml2",
      "package": "xml2",
      "version": "1.3.3",
      "type": "standard",
      "direct": false,
      "binary": false,
      "dependencies": [],
      "vignettes": false,
      "needscompilation": true,
      "metadata": {
        "RemoteType": "standard",
        "RemotePkgRef": "xml2",
        "RemoteRef": "xml2",
        "RemoteRepos": "https://cloud.r-project.org",
        "RemotePkgPlatform": "source",
        "RemoteSha": "1.3.3"
      },
      "sources": ["https://cloud.r-project.org/src/contrib/xml2_1.3.3.tar.gz", "https://cloud.r-project.org/src/contrib/Archive/xml2_1.3.3.tar.gz"],
      "target": "src/contrib/xml2_1.3.3.tar.gz",
      "platform": "source",
      "rversion": "*",
      "directpkg": false,
      "license": "MIT + file LICENSE",
      "sha256": "cb4e9c0d31618ed67d2bfa4c7b5e52680e11612ed356a8164b541d44163c1c8d",
      "filesize": 283965,
      "dep_types": ["Depends", "Imports", "LinkingTo"],
      "params": [],
      "install_args": "",
      "repotype": "cran"
    },
    {
      "ref": "any::sessioninfo",
      "package": "sessioninfo",
      "version": "1.2.2",
      "type": "any",
      "direct": true,
      "binary": false,
      "dependencies": ["cli"],
      "vignettes": false,
      "needscompilation": false,
      "metadata": {
        "RemoteType": "any",
        "RemotePkgRef": "any::sessioninfo",
        "RemoteRef": "any::sessioninfo",
        "RemoteRepos": "https://cloud.r-project.org",
        "RemotePkgPlatform": "source",
        "RemoteSha": "1.2.2"
      },
      "sources": ["https://cloud.r-project.org/src/contrib/sessioninfo_1.2.2.tar.gz", "https://cloud.r-project.org/src/contrib/Archive/sessioninfo_1.2.2.tar.gz"],
      "target": "src/contrib/sessioninfo_1.2.2.tar.gz",
      "platform": "source",
      "rversion": "*",
      "directpkg": true,
      "license": "GPL-2",
      "sha256": "f56283857c53ac8691e3747ed48fe03e893d8ff348235bff7364658bcfb0c7cb",
      "filesize": 170924,
      "dep_types": ["Depends", "Imports", "LinkingTo"],
      "params": [],
      "install_args": "",
      "repotype": "cran"
    }
  ],
  "sysreqs": {
    "os": "ubuntu",
    "os_release": "20.04",
    "url": "https://packagemanager.rstudio.com/__api__/repos/1/sysreqs?distribution=ubuntu&release=20.04",
    "pre_install": [],
    "install_scripts": ["apt-get install -y libcurl4-openssl-dev", "apt-get install -y libicu-dev", "apt-get install -y libxml2-dev", "apt-get install -y libssl-dev"],
    "post_install": []
  }
}
